
Microsoft Visual Studio Solution File, Format Version 12.00
# Visual Studio Version 17
VisualStudioVersion = 17.1.32414.318
MinimumVisualStudioVersion = 10.0.40219.1
Project("{FAE04EC0-301F-11D3-BF4B-00C04F79EFBC}") = "B9", "B9\B9.csproj", "{6BF34415-ABEA-4B95-821C-1FE7C6CF33A0}"
EndProject
Global
	GlobalSection(SolutionConfigurationPlatforms) = preSolution
		Debug|Any CPU = Debug|Any CPU
		Release|Any CPU = Release|Any CPU
	EndGlobalSection
	GlobalSection(ProjectConfigurationPlatforms) = postSolution
		{6BF34415-ABEA-4B95-821C-1FE7C6CF33A0}.Debug|Any CPU.ActiveCfg = Debug|Any CPU
		{6BF34415-ABEA-4B95-821C-1FE7C6CF33A0}.Debug|Any CPU.Build.0 = Debug|Any CPU
		{6BF34415-ABEA-4B95-821C-1FE7C6CF33A0}.Release|Any CPU.ActiveCfg = Release|Any CPU
		{6BF34415-ABEA-4B95-821C-1FE7C6CF33A0}.Release|Any CPU.Build.0 = Release|Any CPU
	EndGlobalSection
	GlobalSection(SolutionProperties) = preSolution
		HideSolutionNode = FALSE
	EndGlobalSection
	GlobalSection(ExtensibilityGlobals) = postSolution
		SolutionGuid = {1388194D-FF1E-42B5-807B-C07C6711A32E}
	EndGlobalSection
EndGlobal
