
Microsoft Visual Studio Solution File, Format Version 12.00
# Visual Studio Version 17
VisualStudioVersion = 17.0.32112.339
MinimumVisualStudioVersion = 10.0.40219.1
Project("{FAE04EC0-301F-11D3-BF4B-00C04F79EFBC}") = "Problema 1", "Problema 1\Problema 1.csproj", "{02D34836-AA88-4282-8A83-A9666DF47CCE}"
EndProject
Project("{FAE04EC0-301F-11D3-BF4B-00C04F79EFBC}") = "Problema 2", "Problema 2\Problema 2.csproj", "{6DFB528F-C240-4A19-B342-57FB2CC7A5D4}"
EndProject
Global
	GlobalSection(SolutionConfigurationPlatforms) = preSolution
		Debug|Any CPU = Debug|Any CPU
		Release|Any CPU = Release|Any CPU
	EndGlobalSection
	GlobalSection(ProjectConfigurationPlatforms) = postSolution
		{02D34836-AA88-4282-8A83-A9666DF47CCE}.Debug|Any CPU.ActiveCfg = Debug|Any CPU
		{02D34836-AA88-4282-8A83-A9666DF47CCE}.Debug|Any CPU.Build.0 = Debug|Any CPU
		{02D34836-AA88-4282-8A83-A9666DF47CCE}.Release|Any CPU.ActiveCfg = Release|Any CPU
		{02D34836-AA88-4282-8A83-A9666DF47CCE}.Release|Any CPU.Build.0 = Release|Any CPU
		{6DFB528F-C240-4A19-B342-57FB2CC7A5D4}.Debug|Any CPU.ActiveCfg = Debug|Any CPU
		{6DFB528F-C240-4A19-B342-57FB2CC7A5D4}.Debug|Any CPU.Build.0 = Debug|Any CPU
		{6DFB528F-C240-4A19-B342-57FB2CC7A5D4}.Release|Any CPU.ActiveCfg = Release|Any CPU
		{6DFB528F-C240-4A19-B342-57FB2CC7A5D4}.Release|Any CPU.Build.0 = Release|Any CPU
	EndGlobalSection
	GlobalSection(SolutionProperties) = preSolution
		HideSolutionNode = FALSE
	EndGlobalSection
	GlobalSection(ExtensibilityGlobals) = postSolution
		SolutionGuid = {236F0420-CD53-432E-A29C-2C7F184FE501}
	EndGlobalSection
EndGlobal
