
Microsoft Visual Studio Solution File, Format Version 12.00
# Visual Studio Version 16
VisualStudioVersion = 16.0.30204.135
MinimumVisualStudioVersion = 10.0.40219.1
Project("{FAE04EC0-301F-11D3-BF4B-00C04F79EFBC}") = "Prob 6", "Prob 6\Prob 6.csproj", "{AEEE0F20-A5F6-48BE-A755-2F87E01217B2}"
EndProject
Project("{FAE04EC0-301F-11D3-BF4B-00C04F79EFBC}") = "Prob 7", "Prob 7\Prob 7.csproj", "{C12DF171-7819-49E7-9F64-65CCFC8910B0}"
EndProject
Global
	GlobalSection(SolutionConfigurationPlatforms) = preSolution
		Debug|Any CPU = Debug|Any CPU
		Release|Any CPU = Release|Any CPU
	EndGlobalSection
	GlobalSection(ProjectConfigurationPlatforms) = postSolution
		{AEEE0F20-A5F6-48BE-A755-2F87E01217B2}.Debug|Any CPU.ActiveCfg = Debug|Any CPU
		{AEEE0F20-A5F6-48BE-A755-2F87E01217B2}.Debug|Any CPU.Build.0 = Debug|Any CPU
		{AEEE0F20-A5F6-48BE-A755-2F87E01217B2}.Release|Any CPU.ActiveCfg = Release|Any CPU
		{AEEE0F20-A5F6-48BE-A755-2F87E01217B2}.Release|Any CPU.Build.0 = Release|Any CPU
		{C12DF171-7819-49E7-9F64-65CCFC8910B0}.Debug|Any CPU.ActiveCfg = Debug|Any CPU
		{C12DF171-7819-49E7-9F64-65CCFC8910B0}.Debug|Any CPU.Build.0 = Debug|Any CPU
		{C12DF171-7819-49E7-9F64-65CCFC8910B0}.Release|Any CPU.ActiveCfg = Release|Any CPU
		{C12DF171-7819-49E7-9F64-65CCFC8910B0}.Release|Any CPU.Build.0 = Release|Any CPU
	EndGlobalSection
	GlobalSection(SolutionProperties) = preSolution
		HideSolutionNode = FALSE
	EndGlobalSection
	GlobalSection(ExtensibilityGlobals) = postSolution
		SolutionGuid = {A4360F0E-390E-4F00-9EC4-9A1E0E8FFC36}
	EndGlobalSection
EndGlobal
