
Microsoft Visual Studio Solution File, Format Version 12.00
# Visual Studio Version 17
VisualStudioVersion = 17.6.33829.357
MinimumVisualStudioVersion = 10.0.40219.1
Project("{FAE04EC0-301F-11D3-BF4B-00C04F79EFBC}") = "Task1", "Task1\Task1.csproj", "{90B3B004-4DDD-47EE-8040-68B437D4675E}"
EndProject
Global
	GlobalSection(SolutionConfigurationPlatforms) = preSolution
		Debug|Any CPU = Debug|Any CPU
		Release|Any CPU = Release|Any CPU
	EndGlobalSection
	GlobalSection(ProjectConfigurationPlatforms) = postSolution
		{90B3B004-4DDD-47EE-8040-68B437D4675E}.Debug|Any CPU.ActiveCfg = Debug|Any CPU
		{90B3B004-4DDD-47EE-8040-68B437D4675E}.Debug|Any CPU.Build.0 = Debug|Any CPU
		{90B3B004-4DDD-47EE-8040-68B437D4675E}.Release|Any CPU.ActiveCfg = Release|Any CPU
		{90B3B004-4DDD-47EE-8040-68B437D4675E}.Release|Any CPU.Build.0 = Release|Any CPU
	EndGlobalSection
	GlobalSection(SolutionProperties) = preSolution
		HideSolutionNode = FALSE
	EndGlobalSection
	GlobalSection(ExtensibilityGlobals) = postSolution
		SolutionGuid = {3699CA84-24BB-45F0-B6E2-7A3F4D251C4A}
	EndGlobalSection
EndGlobal
