
Microsoft Visual Studio Solution File, Format Version 12.00
# Visual Studio Version 17
VisualStudioVersion = 17.1.32414.318
MinimumVisualStudioVersion = 10.0.40219.1
Project("{FAE04EC0-301F-11D3-BF4B-00C04F79EFBC}") = "Varianta 22", "Varianta 22\Varianta 22.csproj", "{380794EE-7825-47B5-926F-CF4C3F8BF5BA}"
EndProject
Global
	GlobalSection(SolutionConfigurationPlatforms) = preSolution
		Debug|Any CPU = Debug|Any CPU
		Release|Any CPU = Release|Any CPU
	EndGlobalSection
	GlobalSection(ProjectConfigurationPlatforms) = postSolution
		{380794EE-7825-47B5-926F-CF4C3F8BF5BA}.Debug|Any CPU.ActiveCfg = Debug|Any CPU
		{380794EE-7825-47B5-926F-CF4C3F8BF5BA}.Debug|Any CPU.Build.0 = Debug|Any CPU
		{380794EE-7825-47B5-926F-CF4C3F8BF5BA}.Release|Any CPU.ActiveCfg = Release|Any CPU
		{380794EE-7825-47B5-926F-CF4C3F8BF5BA}.Release|Any CPU.Build.0 = Release|Any CPU
	EndGlobalSection
	GlobalSection(SolutionProperties) = preSolution
		HideSolutionNode = FALSE
	EndGlobalSection
	GlobalSection(ExtensibilityGlobals) = postSolution
		SolutionGuid = {4E5655C6-A56D-4E6C-B39A-1392DFFE4434}
	EndGlobalSection
EndGlobal
