
Microsoft Visual Studio Solution File, Format Version 12.00
# Visual Studio 15
VisualStudioVersion = 15.0.28307.1082
MinimumVisualStudioVersion = 10.0.40219.1
Project("{FAE04EC0-301F-11D3-BF4B-00C04F79EFBC}") = "Problema1", "Problema1\Problema1.csproj", "{BC8F9A54-DD31-46D8-884D-DE125EC36083}"
EndProject
Project("{FAE04EC0-301F-11D3-BF4B-00C04F79EFBC}") = "Problema2", "Problema2\Problema2.csproj", "{69C4AF6D-8642-49C3-B78F-1653C0CDDFA9}"
EndProject
Project("{FAE04EC0-301F-11D3-BF4B-00C04F79EFBC}") = "Problema3", "Problema3\Problema3.csproj", "{7F92291A-DA33-486C-AF28-44CE789DA99E}"
EndProject
Global
	GlobalSection(SolutionConfigurationPlatforms) = preSolution
		Debug|Any CPU = Debug|Any CPU
		Release|Any CPU = Release|Any CPU
	EndGlobalSection
	GlobalSection(ProjectConfigurationPlatforms) = postSolution
		{BC8F9A54-DD31-46D8-884D-DE125EC36083}.Debug|Any CPU.ActiveCfg = Debug|Any CPU
		{BC8F9A54-DD31-46D8-884D-DE125EC36083}.Debug|Any CPU.Build.0 = Debug|Any CPU
		{BC8F9A54-DD31-46D8-884D-DE125EC36083}.Release|Any CPU.ActiveCfg = Release|Any CPU
		{BC8F9A54-DD31-46D8-884D-DE125EC36083}.Release|Any CPU.Build.0 = Release|Any CPU
		{69C4AF6D-8642-49C3-B78F-1653C0CDDFA9}.Debug|Any CPU.ActiveCfg = Debug|Any CPU
		{69C4AF6D-8642-49C3-B78F-1653C0CDDFA9}.Debug|Any CPU.Build.0 = Debug|Any CPU
		{69C4AF6D-8642-49C3-B78F-1653C0CDDFA9}.Release|Any CPU.ActiveCfg = Release|Any CPU
		{69C4AF6D-8642-49C3-B78F-1653C0CDDFA9}.Release|Any CPU.Build.0 = Release|Any CPU
		{7F92291A-DA33-486C-AF28-44CE789DA99E}.Debug|Any CPU.ActiveCfg = Debug|Any CPU
		{7F92291A-DA33-486C-AF28-44CE789DA99E}.Debug|Any CPU.Build.0 = Debug|Any CPU
		{7F92291A-DA33-486C-AF28-44CE789DA99E}.Release|Any CPU.ActiveCfg = Release|Any CPU
		{7F92291A-DA33-486C-AF28-44CE789DA99E}.Release|Any CPU.Build.0 = Release|Any CPU
	EndGlobalSection
	GlobalSection(SolutionProperties) = preSolution
		HideSolutionNode = FALSE
	EndGlobalSection
	GlobalSection(ExtensibilityGlobals) = postSolution
		SolutionGuid = {9B491963-5C60-492B-8436-8873DE966247}
	EndGlobalSection
EndGlobal
