
Microsoft Visual Studio Solution File, Format Version 12.00
# Visual Studio Version 17
VisualStudioVersion = 17.1.32414.318
MinimumVisualStudioVersion = 10.0.40219.1
Project("{FAE04EC0-301F-11D3-BF4B-00C04F79EFBC}") = "B16", "B16\B16.csproj", "{045F3874-3DD7-4E92-9AA8-46B0A350465F}"
EndProject
Global
	GlobalSection(SolutionConfigurationPlatforms) = preSolution
		Debug|Any CPU = Debug|Any CPU
		Release|Any CPU = Release|Any CPU
	EndGlobalSection
	GlobalSection(ProjectConfigurationPlatforms) = postSolution
		{045F3874-3DD7-4E92-9AA8-46B0A350465F}.Debug|Any CPU.ActiveCfg = Debug|Any CPU
		{045F3874-3DD7-4E92-9AA8-46B0A350465F}.Debug|Any CPU.Build.0 = Debug|Any CPU
		{045F3874-3DD7-4E92-9AA8-46B0A350465F}.Release|Any CPU.ActiveCfg = Release|Any CPU
		{045F3874-3DD7-4E92-9AA8-46B0A350465F}.Release|Any CPU.Build.0 = Release|Any CPU
	EndGlobalSection
	GlobalSection(SolutionProperties) = preSolution
		HideSolutionNode = FALSE
	EndGlobalSection
	GlobalSection(ExtensibilityGlobals) = postSolution
		SolutionGuid = {B3218451-66F4-4A2B-8401-A1443A33B264}
	EndGlobalSection
EndGlobal
