
Microsoft Visual Studio Solution File, Format Version 12.00
# Visual Studio Version 16
VisualStudioVersion = 16.0.30204.135
MinimumVisualStudioVersion = 10.0.40219.1
Project("{9A19103F-16F7-4668-BE54-9A1E7A4F7556}") = "Problema1", "Problema1\Problema1.csproj", "{7DA9AA1C-93D4-4CD2-90D0-C7F00FE0AB5A}"
EndProject
Project("{FAE04EC0-301F-11D3-BF4B-00C04F79EFBC}") = "Problema2", "Problema2\Problema2.csproj", "{BF950B30-7528-4639-977B-CAB75F87AD7D}"
EndProject
Global
	GlobalSection(SolutionConfigurationPlatforms) = preSolution
		Debug|Any CPU = Debug|Any CPU
		Release|Any CPU = Release|Any CPU
	EndGlobalSection
	GlobalSection(ProjectConfigurationPlatforms) = postSolution
		{7DA9AA1C-93D4-4CD2-90D0-C7F00FE0AB5A}.Debug|Any CPU.ActiveCfg = Debug|Any CPU
		{7DA9AA1C-93D4-4CD2-90D0-C7F00FE0AB5A}.Debug|Any CPU.Build.0 = Debug|Any CPU
		{7DA9AA1C-93D4-4CD2-90D0-C7F00FE0AB5A}.Release|Any CPU.ActiveCfg = Release|Any CPU
		{7DA9AA1C-93D4-4CD2-90D0-C7F00FE0AB5A}.Release|Any CPU.Build.0 = Release|Any CPU
		{BF950B30-7528-4639-977B-CAB75F87AD7D}.Debug|Any CPU.ActiveCfg = Debug|Any CPU
		{BF950B30-7528-4639-977B-CAB75F87AD7D}.Debug|Any CPU.Build.0 = Debug|Any CPU
		{BF950B30-7528-4639-977B-CAB75F87AD7D}.Release|Any CPU.ActiveCfg = Release|Any CPU
		{BF950B30-7528-4639-977B-CAB75F87AD7D}.Release|Any CPU.Build.0 = Release|Any CPU
	EndGlobalSection
	GlobalSection(SolutionProperties) = preSolution
		HideSolutionNode = FALSE
	EndGlobalSection
	GlobalSection(ExtensibilityGlobals) = postSolution
		SolutionGuid = {DF497A31-5B75-4B52-BF4D-40A4B60DB41C}
	EndGlobalSection
EndGlobal
