
Microsoft Visual Studio Solution File, Format Version 12.00
# Visual Studio Version 16
VisualStudioVersion = 16.0.29519.87
MinimumVisualStudioVersion = 10.0.40219.1
Project("{FAE04EC0-301F-11D3-BF4B-00C04F79EFBC}") = "Exemplul1", "Exemplul1\Exemplul1.csproj", "{938FCFDD-C853-482C-AF9D-AB24EC46A1E3}"
EndProject
Global
	GlobalSection(SolutionConfigurationPlatforms) = preSolution
		Debug|Any CPU = Debug|Any CPU
		Release|Any CPU = Release|Any CPU
	EndGlobalSection
	GlobalSection(ProjectConfigurationPlatforms) = postSolution
		{938FCFDD-C853-482C-AF9D-AB24EC46A1E3}.Debug|Any CPU.ActiveCfg = Debug|Any CPU
		{938FCFDD-C853-482C-AF9D-AB24EC46A1E3}.Debug|Any CPU.Build.0 = Debug|Any CPU
		{938FCFDD-C853-482C-AF9D-AB24EC46A1E3}.Release|Any CPU.ActiveCfg = Release|Any CPU
		{938FCFDD-C853-482C-AF9D-AB24EC46A1E3}.Release|Any CPU.Build.0 = Release|Any CPU
	EndGlobalSection
	GlobalSection(SolutionProperties) = preSolution
		HideSolutionNode = FALSE
	EndGlobalSection
	GlobalSection(ExtensibilityGlobals) = postSolution
		SolutionGuid = {EF5ABE13-8169-4FC6-9D67-6D91038D9CFB}
	EndGlobalSection
EndGlobal
