
Microsoft Visual Studio Solution File, Format Version 12.00
# Visual Studio Version 17
VisualStudioVersion = 17.1.32414.318
MinimumVisualStudioVersion = 10.0.40219.1
Project("{FAE04EC0-301F-11D3-BF4B-00C04F79EFBC}") = "B1", "B1\B1.csproj", "{3D1018A4-A2F7-49A8-B706-F850B5E10DEF}"
EndProject
Global
	GlobalSection(SolutionConfigurationPlatforms) = preSolution
		Debug|Any CPU = Debug|Any CPU
		Release|Any CPU = Release|Any CPU
	EndGlobalSection
	GlobalSection(ProjectConfigurationPlatforms) = postSolution
		{3D1018A4-A2F7-49A8-B706-F850B5E10DEF}.Debug|Any CPU.ActiveCfg = Debug|Any CPU
		{3D1018A4-A2F7-49A8-B706-F850B5E10DEF}.Debug|Any CPU.Build.0 = Debug|Any CPU
		{3D1018A4-A2F7-49A8-B706-F850B5E10DEF}.Release|Any CPU.ActiveCfg = Release|Any CPU
		{3D1018A4-A2F7-49A8-B706-F850B5E10DEF}.Release|Any CPU.Build.0 = Release|Any CPU
	EndGlobalSection
	GlobalSection(SolutionProperties) = preSolution
		HideSolutionNode = FALSE
	EndGlobalSection
	GlobalSection(ExtensibilityGlobals) = postSolution
		SolutionGuid = {23951D05-CCB8-42A8-B4AF-5C9CB4F9CCCB}
	EndGlobalSection
EndGlobal
