
Microsoft Visual Studio Solution File, Format Version 12.00
# Visual Studio Version 17
VisualStudioVersion = 17.1.32414.318
MinimumVisualStudioVersion = 10.0.40219.1
Project("{FAE04EC0-301F-11D3-BF4B-00C04F79EFBC}") = "B11", "B11\B11.csproj", "{03C5B6C2-CFBD-4FE3-AD86-C5F202FA47C5}"
EndProject
Global
	GlobalSection(SolutionConfigurationPlatforms) = preSolution
		Debug|Any CPU = Debug|Any CPU
		Release|Any CPU = Release|Any CPU
	EndGlobalSection
	GlobalSection(ProjectConfigurationPlatforms) = postSolution
		{03C5B6C2-CFBD-4FE3-AD86-C5F202FA47C5}.Debug|Any CPU.ActiveCfg = Debug|Any CPU
		{03C5B6C2-CFBD-4FE3-AD86-C5F202FA47C5}.Debug|Any CPU.Build.0 = Debug|Any CPU
		{03C5B6C2-CFBD-4FE3-AD86-C5F202FA47C5}.Release|Any CPU.ActiveCfg = Release|Any CPU
		{03C5B6C2-CFBD-4FE3-AD86-C5F202FA47C5}.Release|Any CPU.Build.0 = Release|Any CPU
	EndGlobalSection
	GlobalSection(SolutionProperties) = preSolution
		HideSolutionNode = FALSE
	EndGlobalSection
	GlobalSection(ExtensibilityGlobals) = postSolution
		SolutionGuid = {551EA501-18CC-4751-BECC-E37B12769731}
	EndGlobalSection
EndGlobal
