
Microsoft Visual Studio Solution File, Format Version 12.00
# Visual Studio 15
VisualStudioVersion = 15.0.28307.1082
MinimumVisualStudioVersion = 10.0.40219.1
Project("{FAE04EC0-301F-11D3-BF4B-00C04F79EFBC}") = "Exemplul1", "Exemplul1\Exemplul1.csproj", "{493CD795-899A-40B2-B100-AB813D9DFC0A}"
EndProject
Project("{FAE04EC0-301F-11D3-BF4B-00C04F79EFBC}") = "Exemplul2", "Exemplul2\Exemplul2.csproj", "{8466A7BD-9C6C-4D81-A3D6-F5FC3E52EA05}"
EndProject
Project("{FAE04EC0-301F-11D3-BF4B-00C04F79EFBC}") = "Exemplul3", "Exemplul3\Exemplul3.csproj", "{975B6420-AF4E-4425-8956-ABEFFC4F4E7D}"
EndProject
Global
	GlobalSection(SolutionConfigurationPlatforms) = preSolution
		Debug|Any CPU = Debug|Any CPU
		Release|Any CPU = Release|Any CPU
	EndGlobalSection
	GlobalSection(ProjectConfigurationPlatforms) = postSolution
		{493CD795-899A-40B2-B100-AB813D9DFC0A}.Debug|Any CPU.ActiveCfg = Debug|Any CPU
		{493CD795-899A-40B2-B100-AB813D9DFC0A}.Debug|Any CPU.Build.0 = Debug|Any CPU
		{493CD795-899A-40B2-B100-AB813D9DFC0A}.Release|Any CPU.ActiveCfg = Release|Any CPU
		{493CD795-899A-40B2-B100-AB813D9DFC0A}.Release|Any CPU.Build.0 = Release|Any CPU
		{8466A7BD-9C6C-4D81-A3D6-F5FC3E52EA05}.Debug|Any CPU.ActiveCfg = Debug|Any CPU
		{8466A7BD-9C6C-4D81-A3D6-F5FC3E52EA05}.Debug|Any CPU.Build.0 = Debug|Any CPU
		{8466A7BD-9C6C-4D81-A3D6-F5FC3E52EA05}.Release|Any CPU.ActiveCfg = Release|Any CPU
		{8466A7BD-9C6C-4D81-A3D6-F5FC3E52EA05}.Release|Any CPU.Build.0 = Release|Any CPU
		{975B6420-AF4E-4425-8956-ABEFFC4F4E7D}.Debug|Any CPU.ActiveCfg = Debug|Any CPU
		{975B6420-AF4E-4425-8956-ABEFFC4F4E7D}.Debug|Any CPU.Build.0 = Debug|Any CPU
		{975B6420-AF4E-4425-8956-ABEFFC4F4E7D}.Release|Any CPU.ActiveCfg = Release|Any CPU
		{975B6420-AF4E-4425-8956-ABEFFC4F4E7D}.Release|Any CPU.Build.0 = Release|Any CPU
	EndGlobalSection
	GlobalSection(SolutionProperties) = preSolution
		HideSolutionNode = FALSE
	EndGlobalSection
	GlobalSection(ExtensibilityGlobals) = postSolution
		SolutionGuid = {E76EE312-ACA3-4328-B641-564C71D691FA}
	EndGlobalSection
EndGlobal
