
Microsoft Visual Studio Solution File, Format Version 12.00
# Visual Studio Version 17
VisualStudioVersion = 17.1.32414.318
MinimumVisualStudioVersion = 10.0.40219.1
Project("{FAE04EC0-301F-11D3-BF4B-00C04F79EFBC}") = "B8", "B8\B8.csproj", "{2AD12F88-FE74-4C17-9221-EE25F59E0901}"
EndProject
Global
	GlobalSection(SolutionConfigurationPlatforms) = preSolution
		Debug|Any CPU = Debug|Any CPU
		Release|Any CPU = Release|Any CPU
	EndGlobalSection
	GlobalSection(ProjectConfigurationPlatforms) = postSolution
		{2AD12F88-FE74-4C17-9221-EE25F59E0901}.Debug|Any CPU.ActiveCfg = Debug|Any CPU
		{2AD12F88-FE74-4C17-9221-EE25F59E0901}.Debug|Any CPU.Build.0 = Debug|Any CPU
		{2AD12F88-FE74-4C17-9221-EE25F59E0901}.Release|Any CPU.ActiveCfg = Release|Any CPU
		{2AD12F88-FE74-4C17-9221-EE25F59E0901}.Release|Any CPU.Build.0 = Release|Any CPU
	EndGlobalSection
	GlobalSection(SolutionProperties) = preSolution
		HideSolutionNode = FALSE
	EndGlobalSection
	GlobalSection(ExtensibilityGlobals) = postSolution
		SolutionGuid = {04C76D6F-445D-4B64-B1E8-52E38831AEFA}
	EndGlobalSection
EndGlobal
