
Microsoft Visual Studio Solution File, Format Version 12.00
# Visual Studio Version 17
VisualStudioVersion = 17.0.32112.339
MinimumVisualStudioVersion = 10.0.40219.1
Project("{FAE04EC0-301F-11D3-BF4B-00C04F79EFBC}") = "Problem 1", "Problem 1\Problem 1.csproj", "{EEDB5D96-83FA-43C1-86FE-8E7C3FEB0E6A}"
EndProject
Project("{FAE04EC0-301F-11D3-BF4B-00C04F79EFBC}") = "Problema 2", "Problema 2\Problema 2.csproj", "{86F21807-AA07-481E-829B-AF1914494559}"
EndProject
Project("{FAE04EC0-301F-11D3-BF4B-00C04F79EFBC}") = "Problema 3", "Problema 3\Problema 3.csproj", "{BEC6CE30-291C-47CF-8D89-B7960570E301}"
EndProject
Project("{FAE04EC0-301F-11D3-BF4B-00C04F79EFBC}") = "Sarcina 1", "Sarcina 1\Sarcina 1.csproj", "{E76C982C-605F-41F6-9E69-CE354D88460C}"
EndProject
Project("{FAE04EC0-301F-11D3-BF4B-00C04F79EFBC}") = "Sarcina 2", "Sarcina 2\Sarcina 2.csproj", "{818C1FEB-30A5-4939-B839-A1495CFB1D19}"
EndProject
Global
	GlobalSection(SolutionConfigurationPlatforms) = preSolution
		Debug|Any CPU = Debug|Any CPU
		Release|Any CPU = Release|Any CPU
	EndGlobalSection
	GlobalSection(ProjectConfigurationPlatforms) = postSolution
		{EEDB5D96-83FA-43C1-86FE-8E7C3FEB0E6A}.Debug|Any CPU.ActiveCfg = Debug|Any CPU
		{EEDB5D96-83FA-43C1-86FE-8E7C3FEB0E6A}.Debug|Any CPU.Build.0 = Debug|Any CPU
		{EEDB5D96-83FA-43C1-86FE-8E7C3FEB0E6A}.Release|Any CPU.ActiveCfg = Release|Any CPU
		{EEDB5D96-83FA-43C1-86FE-8E7C3FEB0E6A}.Release|Any CPU.Build.0 = Release|Any CPU
		{86F21807-AA07-481E-829B-AF1914494559}.Debug|Any CPU.ActiveCfg = Debug|Any CPU
		{86F21807-AA07-481E-829B-AF1914494559}.Debug|Any CPU.Build.0 = Debug|Any CPU
		{86F21807-AA07-481E-829B-AF1914494559}.Release|Any CPU.ActiveCfg = Release|Any CPU
		{86F21807-AA07-481E-829B-AF1914494559}.Release|Any CPU.Build.0 = Release|Any CPU
		{BEC6CE30-291C-47CF-8D89-B7960570E301}.Debug|Any CPU.ActiveCfg = Debug|Any CPU
		{BEC6CE30-291C-47CF-8D89-B7960570E301}.Debug|Any CPU.Build.0 = Debug|Any CPU
		{BEC6CE30-291C-47CF-8D89-B7960570E301}.Release|Any CPU.ActiveCfg = Release|Any CPU
		{BEC6CE30-291C-47CF-8D89-B7960570E301}.Release|Any CPU.Build.0 = Release|Any CPU
		{E76C982C-605F-41F6-9E69-CE354D88460C}.Debug|Any CPU.ActiveCfg = Debug|Any CPU
		{E76C982C-605F-41F6-9E69-CE354D88460C}.Debug|Any CPU.Build.0 = Debug|Any CPU
		{E76C982C-605F-41F6-9E69-CE354D88460C}.Release|Any CPU.ActiveCfg = Release|Any CPU
		{E76C982C-605F-41F6-9E69-CE354D88460C}.Release|Any CPU.Build.0 = Release|Any CPU
		{818C1FEB-30A5-4939-B839-A1495CFB1D19}.Debug|Any CPU.ActiveCfg = Debug|Any CPU
		{818C1FEB-30A5-4939-B839-A1495CFB1D19}.Debug|Any CPU.Build.0 = Debug|Any CPU
		{818C1FEB-30A5-4939-B839-A1495CFB1D19}.Release|Any CPU.ActiveCfg = Release|Any CPU
		{818C1FEB-30A5-4939-B839-A1495CFB1D19}.Release|Any CPU.Build.0 = Release|Any CPU
	EndGlobalSection
	GlobalSection(SolutionProperties) = preSolution
		HideSolutionNode = FALSE
	EndGlobalSection
	GlobalSection(ExtensibilityGlobals) = postSolution
		SolutionGuid = {0CE69413-5D4A-425B-85EF-A1E727CCBEFB}
	EndGlobalSection
EndGlobal
