
Microsoft Visual Studio Solution File, Format Version 12.00
# Visual Studio Version 16
VisualStudioVersion = 16.0.30204.135
MinimumVisualStudioVersion = 10.0.40219.1
Project("{9A19103F-16F7-4668-BE54-9A1E7A4F7556}") = "Problema 1", "Problema 1\Problema 1.csproj", "{01345A07-56D9-4713-A4C3-52E615F15809}"
EndProject
Project("{FAE04EC0-301F-11D3-BF4B-00C04F79EFBC}") = "Problema 2", "Problema 2\Problema 2.csproj", "{BF070AE9-83DF-4D69-8E11-DA52E2835DDA}"
EndProject
Project("{FAE04EC0-301F-11D3-BF4B-00C04F79EFBC}") = "Problema 3", "Problema 3\Problema 3.csproj", "{381C50D9-0059-41D5-B87C-2951295D3B68}"
EndProject
Global
	GlobalSection(SolutionConfigurationPlatforms) = preSolution
		Debug|Any CPU = Debug|Any CPU
		Release|Any CPU = Release|Any CPU
	EndGlobalSection
	GlobalSection(ProjectConfigurationPlatforms) = postSolution
		{01345A07-56D9-4713-A4C3-52E615F15809}.Debug|Any CPU.ActiveCfg = Debug|Any CPU
		{01345A07-56D9-4713-A4C3-52E615F15809}.Debug|Any CPU.Build.0 = Debug|Any CPU
		{01345A07-56D9-4713-A4C3-52E615F15809}.Release|Any CPU.ActiveCfg = Release|Any CPU
		{01345A07-56D9-4713-A4C3-52E615F15809}.Release|Any CPU.Build.0 = Release|Any CPU
		{BF070AE9-83DF-4D69-8E11-DA52E2835DDA}.Debug|Any CPU.ActiveCfg = Debug|Any CPU
		{BF070AE9-83DF-4D69-8E11-DA52E2835DDA}.Debug|Any CPU.Build.0 = Debug|Any CPU
		{BF070AE9-83DF-4D69-8E11-DA52E2835DDA}.Release|Any CPU.ActiveCfg = Release|Any CPU
		{BF070AE9-83DF-4D69-8E11-DA52E2835DDA}.Release|Any CPU.Build.0 = Release|Any CPU
		{381C50D9-0059-41D5-B87C-2951295D3B68}.Debug|Any CPU.ActiveCfg = Debug|Any CPU
		{381C50D9-0059-41D5-B87C-2951295D3B68}.Debug|Any CPU.Build.0 = Debug|Any CPU
		{381C50D9-0059-41D5-B87C-2951295D3B68}.Release|Any CPU.ActiveCfg = Release|Any CPU
		{381C50D9-0059-41D5-B87C-2951295D3B68}.Release|Any CPU.Build.0 = Release|Any CPU
	EndGlobalSection
	GlobalSection(SolutionProperties) = preSolution
		HideSolutionNode = FALSE
	EndGlobalSection
	GlobalSection(ExtensibilityGlobals) = postSolution
		SolutionGuid = {C791B3D0-3A5F-42C6-A1DC-F7EAED00394A}
	EndGlobalSection
EndGlobal
