
Microsoft Visual Studio Solution File, Format Version 12.00
# Visual Studio Version 16
VisualStudioVersion = 16.0.30204.135
MinimumVisualStudioVersion = 10.0.40219.1
Project("{FAE04EC0-301F-11D3-BF4B-00C04F79EFBC}") = "Problema 1", "Problema 1\Problema 1.csproj", "{512C71B8-839F-46CC-AE2D-2662DAE881EE}"
EndProject
Global
	GlobalSection(SolutionConfigurationPlatforms) = preSolution
		Debug|Any CPU = Debug|Any CPU
		Release|Any CPU = Release|Any CPU
	EndGlobalSection
	GlobalSection(ProjectConfigurationPlatforms) = postSolution
		{512C71B8-839F-46CC-AE2D-2662DAE881EE}.Debug|Any CPU.ActiveCfg = Debug|Any CPU
		{512C71B8-839F-46CC-AE2D-2662DAE881EE}.Debug|Any CPU.Build.0 = Debug|Any CPU
		{512C71B8-839F-46CC-AE2D-2662DAE881EE}.Release|Any CPU.ActiveCfg = Release|Any CPU
		{512C71B8-839F-46CC-AE2D-2662DAE881EE}.Release|Any CPU.Build.0 = Release|Any CPU
	EndGlobalSection
	GlobalSection(SolutionProperties) = preSolution
		HideSolutionNode = FALSE
	EndGlobalSection
	GlobalSection(ExtensibilityGlobals) = postSolution
		SolutionGuid = {D07847D8-C1B5-4E4A-87AB-392F024EF34B}
	EndGlobalSection
EndGlobal
