
Microsoft Visual Studio Solution File, Format Version 12.00
# Visual Studio Version 17
VisualStudioVersion = 17.1.32414.318
MinimumVisualStudioVersion = 10.0.40219.1
Project("{FAE04EC0-301F-11D3-BF4B-00C04F79EFBC}") = "B23", "B23\B23.csproj", "{10D5B3C4-1623-43A5-A726-8FAB4E6B0164}"
EndProject
Global
	GlobalSection(SolutionConfigurationPlatforms) = preSolution
		Debug|Any CPU = Debug|Any CPU
		Release|Any CPU = Release|Any CPU
	EndGlobalSection
	GlobalSection(ProjectConfigurationPlatforms) = postSolution
		{10D5B3C4-1623-43A5-A726-8FAB4E6B0164}.Debug|Any CPU.ActiveCfg = Debug|Any CPU
		{10D5B3C4-1623-43A5-A726-8FAB4E6B0164}.Debug|Any CPU.Build.0 = Debug|Any CPU
		{10D5B3C4-1623-43A5-A726-8FAB4E6B0164}.Release|Any CPU.ActiveCfg = Release|Any CPU
		{10D5B3C4-1623-43A5-A726-8FAB4E6B0164}.Release|Any CPU.Build.0 = Release|Any CPU
	EndGlobalSection
	GlobalSection(SolutionProperties) = preSolution
		HideSolutionNode = FALSE
	EndGlobalSection
	GlobalSection(ExtensibilityGlobals) = postSolution
		SolutionGuid = {97F4389E-4BC5-48BD-9854-E3BC39D65753}
	EndGlobalSection
EndGlobal
