
Microsoft Visual Studio Solution File, Format Version 12.00
# Visual Studio Version 17
VisualStudioVersion = 17.0.32112.339
MinimumVisualStudioVersion = 10.0.40219.1
Project("{FAE04EC0-301F-11D3-BF4B-00C04F79EFBC}") = "Problema 1", "Problema 1\Problema 1.csproj", "{D7F435F0-79C0-4A16-B1F4-260D1200720E}"
EndProject
Project("{FAE04EC0-301F-11D3-BF4B-00C04F79EFBC}") = "Problema 2", "Problema 2\Problema 2.csproj", "{53781F9C-A3BC-4DA2-B0E0-307A1A601A8B}"
EndProject
Global
	GlobalSection(SolutionConfigurationPlatforms) = preSolution
		Debug|Any CPU = Debug|Any CPU
		Release|Any CPU = Release|Any CPU
	EndGlobalSection
	GlobalSection(ProjectConfigurationPlatforms) = postSolution
		{D7F435F0-79C0-4A16-B1F4-260D1200720E}.Debug|Any CPU.ActiveCfg = Debug|Any CPU
		{D7F435F0-79C0-4A16-B1F4-260D1200720E}.Debug|Any CPU.Build.0 = Debug|Any CPU
		{D7F435F0-79C0-4A16-B1F4-260D1200720E}.Release|Any CPU.ActiveCfg = Release|Any CPU
		{D7F435F0-79C0-4A16-B1F4-260D1200720E}.Release|Any CPU.Build.0 = Release|Any CPU
		{53781F9C-A3BC-4DA2-B0E0-307A1A601A8B}.Debug|Any CPU.ActiveCfg = Debug|Any CPU
		{53781F9C-A3BC-4DA2-B0E0-307A1A601A8B}.Debug|Any CPU.Build.0 = Debug|Any CPU
		{53781F9C-A3BC-4DA2-B0E0-307A1A601A8B}.Release|Any CPU.ActiveCfg = Release|Any CPU
		{53781F9C-A3BC-4DA2-B0E0-307A1A601A8B}.Release|Any CPU.Build.0 = Release|Any CPU
	EndGlobalSection
	GlobalSection(SolutionProperties) = preSolution
		HideSolutionNode = FALSE
	EndGlobalSection
	GlobalSection(ExtensibilityGlobals) = postSolution
		SolutionGuid = {7A008F15-6C54-4D22-A855-B961A5317752}
	EndGlobalSection
EndGlobal
