
Microsoft Visual Studio Solution File, Format Version 12.00
# Visual Studio Version 16
VisualStudioVersion = 16.0.30204.135
MinimumVisualStudioVersion = 10.0.40219.1
Project("{FAE04EC0-301F-11D3-BF4B-00C04F79EFBC}") = "Problema 1", "Problema 1\Problema 1.csproj", "{71406C06-ADED-4FF3-8DB5-FEBCCD99A58A}"
EndProject
Project("{FAE04EC0-301F-11D3-BF4B-00C04F79EFBC}") = "Problema 2", "Problema 2\Problema 2.csproj", "{557F5376-8490-4B71-92B0-C97C92C023DA}"
EndProject
Global
	GlobalSection(SolutionConfigurationPlatforms) = preSolution
		Debug|Any CPU = Debug|Any CPU
		Release|Any CPU = Release|Any CPU
	EndGlobalSection
	GlobalSection(ProjectConfigurationPlatforms) = postSolution
		{71406C06-ADED-4FF3-8DB5-FEBCCD99A58A}.Debug|Any CPU.ActiveCfg = Debug|Any CPU
		{71406C06-ADED-4FF3-8DB5-FEBCCD99A58A}.Debug|Any CPU.Build.0 = Debug|Any CPU
		{71406C06-ADED-4FF3-8DB5-FEBCCD99A58A}.Release|Any CPU.ActiveCfg = Release|Any CPU
		{71406C06-ADED-4FF3-8DB5-FEBCCD99A58A}.Release|Any CPU.Build.0 = Release|Any CPU
		{557F5376-8490-4B71-92B0-C97C92C023DA}.Debug|Any CPU.ActiveCfg = Debug|Any CPU
		{557F5376-8490-4B71-92B0-C97C92C023DA}.Debug|Any CPU.Build.0 = Debug|Any CPU
		{557F5376-8490-4B71-92B0-C97C92C023DA}.Release|Any CPU.ActiveCfg = Release|Any CPU
		{557F5376-8490-4B71-92B0-C97C92C023DA}.Release|Any CPU.Build.0 = Release|Any CPU
	EndGlobalSection
	GlobalSection(SolutionProperties) = preSolution
		HideSolutionNode = FALSE
	EndGlobalSection
	GlobalSection(ExtensibilityGlobals) = postSolution
		SolutionGuid = {B300E80C-C58E-49F6-B5B1-833117DE7716}
	EndGlobalSection
EndGlobal
