
Microsoft Visual Studio Solution File, Format Version 12.00
# Visual Studio Version 17
VisualStudioVersion = 17.0.32112.339
MinimumVisualStudioVersion = 10.0.40219.1
Project("{FAE04EC0-301F-11D3-BF4B-00C04F79EFBC}") = "Problema 1", "Problema 1\Problema 1.csproj", "{1525323E-F6E8-4546-B240-E3B728D2CECD}"
EndProject
Global
	GlobalSection(SolutionConfigurationPlatforms) = preSolution
		Debug|Any CPU = Debug|Any CPU
		Release|Any CPU = Release|Any CPU
	EndGlobalSection
	GlobalSection(ProjectConfigurationPlatforms) = postSolution
		{1525323E-F6E8-4546-B240-E3B728D2CECD}.Debug|Any CPU.ActiveCfg = Debug|Any CPU
		{1525323E-F6E8-4546-B240-E3B728D2CECD}.Debug|Any CPU.Build.0 = Debug|Any CPU
		{1525323E-F6E8-4546-B240-E3B728D2CECD}.Release|Any CPU.ActiveCfg = Release|Any CPU
		{1525323E-F6E8-4546-B240-E3B728D2CECD}.Release|Any CPU.Build.0 = Release|Any CPU
	EndGlobalSection
	GlobalSection(SolutionProperties) = preSolution
		HideSolutionNode = FALSE
	EndGlobalSection
	GlobalSection(ExtensibilityGlobals) = postSolution
		SolutionGuid = {50E25DAC-F9CF-4580-A59D-0ECF40E3E08C}
	EndGlobalSection
EndGlobal
