
Microsoft Visual Studio Solution File, Format Version 12.00
# Visual Studio Version 16
VisualStudioVersion = 16.0.30204.135
MinimumVisualStudioVersion = 10.0.40219.1
Project("{FAE04EC0-301F-11D3-BF4B-00C04F79EFBC}") = "Problema 1", "Problema 1\Problema 1.csproj", "{BEDE55BF-FE2E-4C7D-B22A-64E04C6AF50A}"
EndProject
Project("{FAE04EC0-301F-11D3-BF4B-00C04F79EFBC}") = "Problema 2", "Problema 2\Problema 2.csproj", "{47F9438E-279A-482E-902B-25374E5EFCBD}"
EndProject
Global
	GlobalSection(SolutionConfigurationPlatforms) = preSolution
		Debug|Any CPU = Debug|Any CPU
		Release|Any CPU = Release|Any CPU
	EndGlobalSection
	GlobalSection(ProjectConfigurationPlatforms) = postSolution
		{BEDE55BF-FE2E-4C7D-B22A-64E04C6AF50A}.Debug|Any CPU.ActiveCfg = Debug|Any CPU
		{BEDE55BF-FE2E-4C7D-B22A-64E04C6AF50A}.Debug|Any CPU.Build.0 = Debug|Any CPU
		{BEDE55BF-FE2E-4C7D-B22A-64E04C6AF50A}.Release|Any CPU.ActiveCfg = Release|Any CPU
		{BEDE55BF-FE2E-4C7D-B22A-64E04C6AF50A}.Release|Any CPU.Build.0 = Release|Any CPU
		{47F9438E-279A-482E-902B-25374E5EFCBD}.Debug|Any CPU.ActiveCfg = Debug|Any CPU
		{47F9438E-279A-482E-902B-25374E5EFCBD}.Debug|Any CPU.Build.0 = Debug|Any CPU
		{47F9438E-279A-482E-902B-25374E5EFCBD}.Release|Any CPU.ActiveCfg = Release|Any CPU
		{47F9438E-279A-482E-902B-25374E5EFCBD}.Release|Any CPU.Build.0 = Release|Any CPU
	EndGlobalSection
	GlobalSection(SolutionProperties) = preSolution
		HideSolutionNode = FALSE
	EndGlobalSection
	GlobalSection(ExtensibilityGlobals) = postSolution
		SolutionGuid = {4C6FE05C-AAA7-4FA8-85A7-46614728ADD1}
	EndGlobalSection
EndGlobal
