
Microsoft Visual Studio Solution File, Format Version 12.00
# Visual Studio Version 17
VisualStudioVersion = 17.0.32112.339
MinimumVisualStudioVersion = 10.0.40219.1
Project("{FAE04EC0-301F-11D3-BF4B-00C04F79EFBC}") = "Problema 1", "Problema 1\Problema 1.csproj", "{D47097DE-7CCD-4585-BE8C-44C6C4624B0A}"
EndProject
Project("{FAE04EC0-301F-11D3-BF4B-00C04F79EFBC}") = "Problema 2", "Problema 2\Problema 2.csproj", "{22F31C5F-E7CC-4BBA-926F-DDB91C1318FA}"
EndProject
Project("{FAE04EC0-301F-11D3-BF4B-00C04F79EFBC}") = "Problema 3", "Problema 3\Problema 3.csproj", "{2F1BA23E-624B-4068-8D4B-4E4D6D974D7C}"
EndProject
Project("{FAE04EC0-301F-11D3-BF4B-00C04F79EFBC}") = "Problema 4", "Problema 4\Problema 4.csproj", "{1B2F26FE-52F4-4D67-B6FA-3467B0D276CE}"
EndProject
Global
	GlobalSection(SolutionConfigurationPlatforms) = preSolution
		Debug|Any CPU = Debug|Any CPU
		Release|Any CPU = Release|Any CPU
	EndGlobalSection
	GlobalSection(ProjectConfigurationPlatforms) = postSolution
		{D47097DE-7CCD-4585-BE8C-44C6C4624B0A}.Debug|Any CPU.ActiveCfg = Debug|Any CPU
		{D47097DE-7CCD-4585-BE8C-44C6C4624B0A}.Debug|Any CPU.Build.0 = Debug|Any CPU
		{D47097DE-7CCD-4585-BE8C-44C6C4624B0A}.Release|Any CPU.ActiveCfg = Release|Any CPU
		{D47097DE-7CCD-4585-BE8C-44C6C4624B0A}.Release|Any CPU.Build.0 = Release|Any CPU
		{22F31C5F-E7CC-4BBA-926F-DDB91C1318FA}.Debug|Any CPU.ActiveCfg = Debug|Any CPU
		{22F31C5F-E7CC-4BBA-926F-DDB91C1318FA}.Debug|Any CPU.Build.0 = Debug|Any CPU
		{22F31C5F-E7CC-4BBA-926F-DDB91C1318FA}.Release|Any CPU.ActiveCfg = Release|Any CPU
		{22F31C5F-E7CC-4BBA-926F-DDB91C1318FA}.Release|Any CPU.Build.0 = Release|Any CPU
		{2F1BA23E-624B-4068-8D4B-4E4D6D974D7C}.Debug|Any CPU.ActiveCfg = Debug|Any CPU
		{2F1BA23E-624B-4068-8D4B-4E4D6D974D7C}.Debug|Any CPU.Build.0 = Debug|Any CPU
		{2F1BA23E-624B-4068-8D4B-4E4D6D974D7C}.Release|Any CPU.ActiveCfg = Release|Any CPU
		{2F1BA23E-624B-4068-8D4B-4E4D6D974D7C}.Release|Any CPU.Build.0 = Release|Any CPU
		{1B2F26FE-52F4-4D67-B6FA-3467B0D276CE}.Debug|Any CPU.ActiveCfg = Debug|Any CPU
		{1B2F26FE-52F4-4D67-B6FA-3467B0D276CE}.Debug|Any CPU.Build.0 = Debug|Any CPU
		{1B2F26FE-52F4-4D67-B6FA-3467B0D276CE}.Release|Any CPU.ActiveCfg = Release|Any CPU
		{1B2F26FE-52F4-4D67-B6FA-3467B0D276CE}.Release|Any CPU.Build.0 = Release|Any CPU
	EndGlobalSection
	GlobalSection(SolutionProperties) = preSolution
		HideSolutionNode = FALSE
	EndGlobalSection
	GlobalSection(ExtensibilityGlobals) = postSolution
		SolutionGuid = {5CAD4DA2-19A3-45AC-82E9-E96B35947754}
	EndGlobalSection
EndGlobal
