
Microsoft Visual Studio Solution File, Format Version 12.00
# Visual Studio Version 17
VisualStudioVersion = 17.0.32112.339
MinimumVisualStudioVersion = 10.0.40219.1
Project("{FAE04EC0-301F-11D3-BF4B-00C04F79EFBC}") = "Problema 1", "Problema 1\Problema 1.csproj", "{5FD845E9-FE5D-4B14-A5B9-DE8E25C9CA88}"
EndProject
Project("{FAE04EC0-301F-11D3-BF4B-00C04F79EFBC}") = "Problema 2", "Problema 2\Problema 2.csproj", "{0BF31A61-8383-4E28-A523-F14C49786098}"
EndProject
Project("{FAE04EC0-301F-11D3-BF4B-00C04F79EFBC}") = "Problema 3", "Problema 3\Problema 3.csproj", "{45890C7A-07C8-4E34-B3B6-9435FEF97C78}"
EndProject
Global
	GlobalSection(SolutionConfigurationPlatforms) = preSolution
		Debug|Any CPU = Debug|Any CPU
		Release|Any CPU = Release|Any CPU
	EndGlobalSection
	GlobalSection(ProjectConfigurationPlatforms) = postSolution
		{5FD845E9-FE5D-4B14-A5B9-DE8E25C9CA88}.Debug|Any CPU.ActiveCfg = Debug|Any CPU
		{5FD845E9-FE5D-4B14-A5B9-DE8E25C9CA88}.Debug|Any CPU.Build.0 = Debug|Any CPU
		{5FD845E9-FE5D-4B14-A5B9-DE8E25C9CA88}.Release|Any CPU.ActiveCfg = Release|Any CPU
		{5FD845E9-FE5D-4B14-A5B9-DE8E25C9CA88}.Release|Any CPU.Build.0 = Release|Any CPU
		{0BF31A61-8383-4E28-A523-F14C49786098}.Debug|Any CPU.ActiveCfg = Debug|Any CPU
		{0BF31A61-8383-4E28-A523-F14C49786098}.Debug|Any CPU.Build.0 = Debug|Any CPU
		{0BF31A61-8383-4E28-A523-F14C49786098}.Release|Any CPU.ActiveCfg = Release|Any CPU
		{0BF31A61-8383-4E28-A523-F14C49786098}.Release|Any CPU.Build.0 = Release|Any CPU
		{45890C7A-07C8-4E34-B3B6-9435FEF97C78}.Debug|Any CPU.ActiveCfg = Debug|Any CPU
		{45890C7A-07C8-4E34-B3B6-9435FEF97C78}.Debug|Any CPU.Build.0 = Debug|Any CPU
		{45890C7A-07C8-4E34-B3B6-9435FEF97C78}.Release|Any CPU.ActiveCfg = Release|Any CPU
		{45890C7A-07C8-4E34-B3B6-9435FEF97C78}.Release|Any CPU.Build.0 = Release|Any CPU
	EndGlobalSection
	GlobalSection(SolutionProperties) = preSolution
		HideSolutionNode = FALSE
	EndGlobalSection
	GlobalSection(ExtensibilityGlobals) = postSolution
		SolutionGuid = {D87A1154-5F58-42C6-BE05-6BBBB52E0E7A}
	EndGlobalSection
EndGlobal
