
Microsoft Visual Studio Solution File, Format Version 12.00
# Visual Studio Version 16
VisualStudioVersion = 16.0.30204.135
MinimumVisualStudioVersion = 10.0.40219.1
Project("{FAE04EC0-301F-11D3-BF4B-00C04F79EFBC}") = "ppp", "ppp\ppp.csproj", "{F7C9E24A-A702-499C-AF01-E84800ED1AAF}"
EndProject
Project("{FAE04EC0-301F-11D3-BF4B-00C04F79EFBC}") = "pp", "pp\pp.csproj", "{204AB3BE-FCB4-45D5-A6F9-61908AD34325}"
EndProject
Project("{FAE04EC0-301F-11D3-BF4B-00C04F79EFBC}") = "p", "p\p.csproj", "{C0CC3255-81C4-4AD9-A6CC-922828CF7069}"
EndProject
Global
	GlobalSection(SolutionConfigurationPlatforms) = preSolution
		Debug|Any CPU = Debug|Any CPU
		Release|Any CPU = Release|Any CPU
	EndGlobalSection
	GlobalSection(ProjectConfigurationPlatforms) = postSolution
		{F7C9E24A-A702-499C-AF01-E84800ED1AAF}.Debug|Any CPU.ActiveCfg = Debug|Any CPU
		{F7C9E24A-A702-499C-AF01-E84800ED1AAF}.Debug|Any CPU.Build.0 = Debug|Any CPU
		{F7C9E24A-A702-499C-AF01-E84800ED1AAF}.Release|Any CPU.ActiveCfg = Release|Any CPU
		{F7C9E24A-A702-499C-AF01-E84800ED1AAF}.Release|Any CPU.Build.0 = Release|Any CPU
		{204AB3BE-FCB4-45D5-A6F9-61908AD34325}.Debug|Any CPU.ActiveCfg = Debug|Any CPU
		{204AB3BE-FCB4-45D5-A6F9-61908AD34325}.Debug|Any CPU.Build.0 = Debug|Any CPU
		{204AB3BE-FCB4-45D5-A6F9-61908AD34325}.Release|Any CPU.ActiveCfg = Release|Any CPU
		{204AB3BE-FCB4-45D5-A6F9-61908AD34325}.Release|Any CPU.Build.0 = Release|Any CPU
		{C0CC3255-81C4-4AD9-A6CC-922828CF7069}.Debug|Any CPU.ActiveCfg = Debug|Any CPU
		{C0CC3255-81C4-4AD9-A6CC-922828CF7069}.Debug|Any CPU.Build.0 = Debug|Any CPU
		{C0CC3255-81C4-4AD9-A6CC-922828CF7069}.Release|Any CPU.ActiveCfg = Release|Any CPU
		{C0CC3255-81C4-4AD9-A6CC-922828CF7069}.Release|Any CPU.Build.0 = Release|Any CPU
	EndGlobalSection
	GlobalSection(SolutionProperties) = preSolution
		HideSolutionNode = FALSE
	EndGlobalSection
	GlobalSection(ExtensibilityGlobals) = postSolution
		SolutionGuid = {AC12096F-2683-44D1-9B0F-C758C85EB1BF}
	EndGlobalSection
EndGlobal
