
Microsoft Visual Studio Solution File, Format Version 12.00
# Visual Studio Version 16
VisualStudioVersion = 16.0.30204.135
MinimumVisualStudioVersion = 10.0.40219.1
Project("{FAE04EC0-301F-11D3-BF4B-00C04F79EFBC}") = "ConsoleApp2", "ConsoleApp2\ConsoleApp2.csproj", "{687A36B0-0AF0-4851-BD63-2B1C17F63D6C}"
EndProject
Project("{FAE04EC0-301F-11D3-BF4B-00C04F79EFBC}") = "Problema2", "Problema2\Problema2.csproj", "{AF43E2EA-BE9D-4315-943E-E20FB654FF60}"
EndProject
Global
	GlobalSection(SolutionConfigurationPlatforms) = preSolution
		Debug|Any CPU = Debug|Any CPU
		Release|Any CPU = Release|Any CPU
	EndGlobalSection
	GlobalSection(ProjectConfigurationPlatforms) = postSolution
		{687A36B0-0AF0-4851-BD63-2B1C17F63D6C}.Debug|Any CPU.ActiveCfg = Debug|Any CPU
		{687A36B0-0AF0-4851-BD63-2B1C17F63D6C}.Debug|Any CPU.Build.0 = Debug|Any CPU
		{687A36B0-0AF0-4851-BD63-2B1C17F63D6C}.Release|Any CPU.ActiveCfg = Release|Any CPU
		{687A36B0-0AF0-4851-BD63-2B1C17F63D6C}.Release|Any CPU.Build.0 = Release|Any CPU
		{AF43E2EA-BE9D-4315-943E-E20FB654FF60}.Debug|Any CPU.ActiveCfg = Debug|Any CPU
		{AF43E2EA-BE9D-4315-943E-E20FB654FF60}.Debug|Any CPU.Build.0 = Debug|Any CPU
		{AF43E2EA-BE9D-4315-943E-E20FB654FF60}.Release|Any CPU.ActiveCfg = Release|Any CPU
		{AF43E2EA-BE9D-4315-943E-E20FB654FF60}.Release|Any CPU.Build.0 = Release|Any CPU
	EndGlobalSection
	GlobalSection(SolutionProperties) = preSolution
		HideSolutionNode = FALSE
	EndGlobalSection
	GlobalSection(ExtensibilityGlobals) = postSolution
		SolutionGuid = {B9855F7B-FF71-451A-9DA3-20013ACA4D6A}
	EndGlobalSection
EndGlobal
