
Microsoft Visual Studio Solution File, Format Version 12.00
# Visual Studio Version 17
VisualStudioVersion = 17.1.32414.318
MinimumVisualStudioVersion = 10.0.40219.1
Project("{FAE04EC0-301F-11D3-BF4B-00C04F79EFBC}") = "B25", "B25\B25.csproj", "{A3888D3D-F773-48AF-A3BC-EB0D354EE9EB}"
EndProject
Global
	GlobalSection(SolutionConfigurationPlatforms) = preSolution
		Debug|Any CPU = Debug|Any CPU
		Release|Any CPU = Release|Any CPU
	EndGlobalSection
	GlobalSection(ProjectConfigurationPlatforms) = postSolution
		{A3888D3D-F773-48AF-A3BC-EB0D354EE9EB}.Debug|Any CPU.ActiveCfg = Debug|Any CPU
		{A3888D3D-F773-48AF-A3BC-EB0D354EE9EB}.Debug|Any CPU.Build.0 = Debug|Any CPU
		{A3888D3D-F773-48AF-A3BC-EB0D354EE9EB}.Release|Any CPU.ActiveCfg = Release|Any CPU
		{A3888D3D-F773-48AF-A3BC-EB0D354EE9EB}.Release|Any CPU.Build.0 = Release|Any CPU
	EndGlobalSection
	GlobalSection(SolutionProperties) = preSolution
		HideSolutionNode = FALSE
	EndGlobalSection
	GlobalSection(ExtensibilityGlobals) = postSolution
		SolutionGuid = {0839F0C5-4D2E-44E5-A426-93E07549D301}
	EndGlobalSection
EndGlobal
