
Microsoft Visual Studio Solution File, Format Version 12.00
# Visual Studio Version 16
VisualStudioVersion = 16.0.30517.126
MinimumVisualStudioVersion = 10.0.40219.1
Project("{FAE04EC0-301F-11D3-BF4B-00C04F79EFBC}") = "Problema1", "Problema1\Problema1.csproj", "{E97A5DF2-23A5-4B33-AC05-FA5CCE0DC211}"
EndProject
Global
	GlobalSection(SolutionConfigurationPlatforms) = preSolution
		Debug|Any CPU = Debug|Any CPU
		Release|Any CPU = Release|Any CPU
	EndGlobalSection
	GlobalSection(ProjectConfigurationPlatforms) = postSolution
		{E97A5DF2-23A5-4B33-AC05-FA5CCE0DC211}.Debug|Any CPU.ActiveCfg = Debug|Any CPU
		{E97A5DF2-23A5-4B33-AC05-FA5CCE0DC211}.Debug|Any CPU.Build.0 = Debug|Any CPU
		{E97A5DF2-23A5-4B33-AC05-FA5CCE0DC211}.Release|Any CPU.ActiveCfg = Release|Any CPU
		{E97A5DF2-23A5-4B33-AC05-FA5CCE0DC211}.Release|Any CPU.Build.0 = Release|Any CPU
	EndGlobalSection
	GlobalSection(SolutionProperties) = preSolution
		HideSolutionNode = FALSE
	EndGlobalSection
	GlobalSection(ExtensibilityGlobals) = postSolution
		SolutionGuid = {431AD45A-71C3-4D52-BC9C-9C30E7729AA4}
	EndGlobalSection
EndGlobal
