
Microsoft Visual Studio Solution File, Format Version 12.00
# Visual Studio Version 16
VisualStudioVersion = 16.0.30204.135
MinimumVisualStudioVersion = 10.0.40219.1
Project("{FAE04EC0-301F-11D3-BF4B-00C04F79EFBC}") = "Problema1", "Problema1\Problema1.csproj", "{0B1DF9F8-B33C-4DAE-A22D-6C5D7C7537CA}"
EndProject
Project("{FAE04EC0-301F-11D3-BF4B-00C04F79EFBC}") = "Problema2", "Problema2\Problema2.csproj", "{AD51C1E8-C43E-4B00-86E0-B40DA1B5045E}"
EndProject
Project("{FAE04EC0-301F-11D3-BF4B-00C04F79EFBC}") = "Problema3", "Problema3\Problema3.csproj", "{D09D192E-215D-4E44-9F6F-29EA08D67C11}"
EndProject
Global
	GlobalSection(SolutionConfigurationPlatforms) = preSolution
		Debug|Any CPU = Debug|Any CPU
		Release|Any CPU = Release|Any CPU
	EndGlobalSection
	GlobalSection(ProjectConfigurationPlatforms) = postSolution
		{0B1DF9F8-B33C-4DAE-A22D-6C5D7C7537CA}.Debug|Any CPU.ActiveCfg = Debug|Any CPU
		{0B1DF9F8-B33C-4DAE-A22D-6C5D7C7537CA}.Debug|Any CPU.Build.0 = Debug|Any CPU
		{0B1DF9F8-B33C-4DAE-A22D-6C5D7C7537CA}.Release|Any CPU.ActiveCfg = Release|Any CPU
		{0B1DF9F8-B33C-4DAE-A22D-6C5D7C7537CA}.Release|Any CPU.Build.0 = Release|Any CPU
		{AD51C1E8-C43E-4B00-86E0-B40DA1B5045E}.Debug|Any CPU.ActiveCfg = Debug|Any CPU
		{AD51C1E8-C43E-4B00-86E0-B40DA1B5045E}.Debug|Any CPU.Build.0 = Debug|Any CPU
		{AD51C1E8-C43E-4B00-86E0-B40DA1B5045E}.Release|Any CPU.ActiveCfg = Release|Any CPU
		{AD51C1E8-C43E-4B00-86E0-B40DA1B5045E}.Release|Any CPU.Build.0 = Release|Any CPU
		{D09D192E-215D-4E44-9F6F-29EA08D67C11}.Debug|Any CPU.ActiveCfg = Debug|Any CPU
		{D09D192E-215D-4E44-9F6F-29EA08D67C11}.Debug|Any CPU.Build.0 = Debug|Any CPU
		{D09D192E-215D-4E44-9F6F-29EA08D67C11}.Release|Any CPU.ActiveCfg = Release|Any CPU
		{D09D192E-215D-4E44-9F6F-29EA08D67C11}.Release|Any CPU.Build.0 = Release|Any CPU
	EndGlobalSection
	GlobalSection(SolutionProperties) = preSolution
		HideSolutionNode = FALSE
	EndGlobalSection
	GlobalSection(ExtensibilityGlobals) = postSolution
		SolutionGuid = {1DA82E33-5FB5-4331-A97F-A93C1517CD04}
	EndGlobalSection
EndGlobal
