
Microsoft Visual Studio Solution File, Format Version 12.00
# Visual Studio Version 16
VisualStudioVersion = 16.0.30204.135
MinimumVisualStudioVersion = 10.0.40219.1
Project("{FAE04EC0-301F-11D3-BF4B-00C04F79EFBC}") = "Problema1", "Problema1\Problema1.csproj", "{E7565DCB-6DFF-4CFA-BEEA-86832E19D344}"
EndProject
Project("{FAE04EC0-301F-11D3-BF4B-00C04F79EFBC}") = "Problema2", "Problema2\Problema2.csproj", "{3EDA0B8D-C0F1-4064-A895-73124F017A61}"
EndProject
Project("{FAE04EC0-301F-11D3-BF4B-00C04F79EFBC}") = "Problema3", "Problema3\Problema3.csproj", "{8094B5A6-9691-4070-85BD-BA82F9EF8E4B}"
EndProject
Project("{FAE04EC0-301F-11D3-BF4B-00C04F79EFBC}") = "Problema5", "Problema5\Problema5.csproj", "{2D963F16-4B03-4C1B-BE8E-FA178ED78539}"
EndProject
Project("{FAE04EC0-301F-11D3-BF4B-00C04F79EFBC}") = "Problema6", "Problema6\Problema6.csproj", "{21D85194-0C90-41A2-AB6A-DA5D869BDE83}"
EndProject
Project("{FAE04EC0-301F-11D3-BF4B-00C04F79EFBC}") = "Problema4", "Problema4\Problema4.csproj", "{B35D6554-231A-4F28-BE71-58FD716CFF86}"
EndProject
Global
	GlobalSection(SolutionConfigurationPlatforms) = preSolution
		Debug|Any CPU = Debug|Any CPU
		Release|Any CPU = Release|Any CPU
	EndGlobalSection
	GlobalSection(ProjectConfigurationPlatforms) = postSolution
		{E7565DCB-6DFF-4CFA-BEEA-86832E19D344}.Debug|Any CPU.ActiveCfg = Debug|Any CPU
		{E7565DCB-6DFF-4CFA-BEEA-86832E19D344}.Debug|Any CPU.Build.0 = Debug|Any CPU
		{E7565DCB-6DFF-4CFA-BEEA-86832E19D344}.Release|Any CPU.ActiveCfg = Release|Any CPU
		{E7565DCB-6DFF-4CFA-BEEA-86832E19D344}.Release|Any CPU.Build.0 = Release|Any CPU
		{3EDA0B8D-C0F1-4064-A895-73124F017A61}.Debug|Any CPU.ActiveCfg = Debug|Any CPU
		{3EDA0B8D-C0F1-4064-A895-73124F017A61}.Debug|Any CPU.Build.0 = Debug|Any CPU
		{3EDA0B8D-C0F1-4064-A895-73124F017A61}.Release|Any CPU.ActiveCfg = Release|Any CPU
		{3EDA0B8D-C0F1-4064-A895-73124F017A61}.Release|Any CPU.Build.0 = Release|Any CPU
		{8094B5A6-9691-4070-85BD-BA82F9EF8E4B}.Debug|Any CPU.ActiveCfg = Debug|Any CPU
		{8094B5A6-9691-4070-85BD-BA82F9EF8E4B}.Debug|Any CPU.Build.0 = Debug|Any CPU
		{8094B5A6-9691-4070-85BD-BA82F9EF8E4B}.Release|Any CPU.ActiveCfg = Release|Any CPU
		{8094B5A6-9691-4070-85BD-BA82F9EF8E4B}.Release|Any CPU.Build.0 = Release|Any CPU
		{2D963F16-4B03-4C1B-BE8E-FA178ED78539}.Debug|Any CPU.ActiveCfg = Debug|Any CPU
		{2D963F16-4B03-4C1B-BE8E-FA178ED78539}.Debug|Any CPU.Build.0 = Debug|Any CPU
		{2D963F16-4B03-4C1B-BE8E-FA178ED78539}.Release|Any CPU.ActiveCfg = Release|Any CPU
		{2D963F16-4B03-4C1B-BE8E-FA178ED78539}.Release|Any CPU.Build.0 = Release|Any CPU
		{21D85194-0C90-41A2-AB6A-DA5D869BDE83}.Debug|Any CPU.ActiveCfg = Debug|Any CPU
		{21D85194-0C90-41A2-AB6A-DA5D869BDE83}.Debug|Any CPU.Build.0 = Debug|Any CPU
		{21D85194-0C90-41A2-AB6A-DA5D869BDE83}.Release|Any CPU.ActiveCfg = Release|Any CPU
		{21D85194-0C90-41A2-AB6A-DA5D869BDE83}.Release|Any CPU.Build.0 = Release|Any CPU
		{B35D6554-231A-4F28-BE71-58FD716CFF86}.Debug|Any CPU.ActiveCfg = Debug|Any CPU
		{B35D6554-231A-4F28-BE71-58FD716CFF86}.Debug|Any CPU.Build.0 = Debug|Any CPU
		{B35D6554-231A-4F28-BE71-58FD716CFF86}.Release|Any CPU.ActiveCfg = Release|Any CPU
		{B35D6554-231A-4F28-BE71-58FD716CFF86}.Release|Any CPU.Build.0 = Release|Any CPU
	EndGlobalSection
	GlobalSection(SolutionProperties) = preSolution
		HideSolutionNode = FALSE
	EndGlobalSection
	GlobalSection(ExtensibilityGlobals) = postSolution
		SolutionGuid = {3578C2CF-B4A7-42A8-B59B-BCD171FB3C59}
	EndGlobalSection
EndGlobal
