
Microsoft Visual Studio Solution File, Format Version 12.00
# Visual Studio Version 17
VisualStudioVersion = 17.1.32414.318
MinimumVisualStudioVersion = 10.0.40219.1
Project("{FAE04EC0-301F-11D3-BF4B-00C04F79EFBC}") = "B3", "B3\B3.csproj", "{728BDDAC-B1E5-4E33-BCE3-F8A6C580C31D}"
EndProject
Global
	GlobalSection(SolutionConfigurationPlatforms) = preSolution
		Debug|Any CPU = Debug|Any CPU
		Release|Any CPU = Release|Any CPU
	EndGlobalSection
	GlobalSection(ProjectConfigurationPlatforms) = postSolution
		{728BDDAC-B1E5-4E33-BCE3-F8A6C580C31D}.Debug|Any CPU.ActiveCfg = Debug|Any CPU
		{728BDDAC-B1E5-4E33-BCE3-F8A6C580C31D}.Debug|Any CPU.Build.0 = Debug|Any CPU
		{728BDDAC-B1E5-4E33-BCE3-F8A6C580C31D}.Release|Any CPU.ActiveCfg = Release|Any CPU
		{728BDDAC-B1E5-4E33-BCE3-F8A6C580C31D}.Release|Any CPU.Build.0 = Release|Any CPU
	EndGlobalSection
	GlobalSection(SolutionProperties) = preSolution
		HideSolutionNode = FALSE
	EndGlobalSection
	GlobalSection(ExtensibilityGlobals) = postSolution
		SolutionGuid = {EE336F30-BE31-4A92-AD8E-CCB69D6FED01}
	EndGlobalSection
EndGlobal
