
Microsoft Visual Studio Solution File, Format Version 12.00
# Visual Studio Version 16
VisualStudioVersion = 16.0.30204.135
MinimumVisualStudioVersion = 10.0.40219.1
Project("{FAE04EC0-301F-11D3-BF4B-00C04F79EFBC}") = "Problema 1", "Problema 1\Problema 1.csproj", "{FA143987-B763-40E9-94D1-26EBE081D46C}"
EndProject
Project("{FAE04EC0-301F-11D3-BF4B-00C04F79EFBC}") = "Problema 2", "Problema 2\Problema 2.csproj", "{D9B31B9C-DB03-4AB0-8374-0EF08B12C1A6}"
EndProject
Project("{FAE04EC0-301F-11D3-BF4B-00C04F79EFBC}") = "Problema 3", "Problema 3\Problema 3.csproj", "{A736D025-6ACE-4469-B145-B645763819EC}"
EndProject
Project("{FAE04EC0-301F-11D3-BF4B-00C04F79EFBC}") = "Problema 4", "Problema 4\Problema 4.csproj", "{12280567-4A3D-4CFE-A84E-8547C5BD377B}"
EndProject
Global
	GlobalSection(SolutionConfigurationPlatforms) = preSolution
		Debug|Any CPU = Debug|Any CPU
		Release|Any CPU = Release|Any CPU
	EndGlobalSection
	GlobalSection(ProjectConfigurationPlatforms) = postSolution
		{FA143987-B763-40E9-94D1-26EBE081D46C}.Debug|Any CPU.ActiveCfg = Debug|Any CPU
		{FA143987-B763-40E9-94D1-26EBE081D46C}.Debug|Any CPU.Build.0 = Debug|Any CPU
		{FA143987-B763-40E9-94D1-26EBE081D46C}.Release|Any CPU.ActiveCfg = Release|Any CPU
		{FA143987-B763-40E9-94D1-26EBE081D46C}.Release|Any CPU.Build.0 = Release|Any CPU
		{D9B31B9C-DB03-4AB0-8374-0EF08B12C1A6}.Debug|Any CPU.ActiveCfg = Debug|Any CPU
		{D9B31B9C-DB03-4AB0-8374-0EF08B12C1A6}.Debug|Any CPU.Build.0 = Debug|Any CPU
		{D9B31B9C-DB03-4AB0-8374-0EF08B12C1A6}.Release|Any CPU.ActiveCfg = Release|Any CPU
		{D9B31B9C-DB03-4AB0-8374-0EF08B12C1A6}.Release|Any CPU.Build.0 = Release|Any CPU
		{A736D025-6ACE-4469-B145-B645763819EC}.Debug|Any CPU.ActiveCfg = Debug|Any CPU
		{A736D025-6ACE-4469-B145-B645763819EC}.Debug|Any CPU.Build.0 = Debug|Any CPU
		{A736D025-6ACE-4469-B145-B645763819EC}.Release|Any CPU.ActiveCfg = Release|Any CPU
		{A736D025-6ACE-4469-B145-B645763819EC}.Release|Any CPU.Build.0 = Release|Any CPU
		{12280567-4A3D-4CFE-A84E-8547C5BD377B}.Debug|Any CPU.ActiveCfg = Debug|Any CPU
		{12280567-4A3D-4CFE-A84E-8547C5BD377B}.Debug|Any CPU.Build.0 = Debug|Any CPU
		{12280567-4A3D-4CFE-A84E-8547C5BD377B}.Release|Any CPU.ActiveCfg = Release|Any CPU
		{12280567-4A3D-4CFE-A84E-8547C5BD377B}.Release|Any CPU.Build.0 = Release|Any CPU
	EndGlobalSection
	GlobalSection(SolutionProperties) = preSolution
		HideSolutionNode = FALSE
	EndGlobalSection
	GlobalSection(ExtensibilityGlobals) = postSolution
		SolutionGuid = {CEECEAE3-04B0-4D33-A732-2F82287C7B58}
	EndGlobalSection
EndGlobal
