
Microsoft Visual Studio Solution File, Format Version 12.00
# Visual Studio 15
VisualStudioVersion = 15.0.28307.1082
MinimumVisualStudioVersion = 10.0.40219.1
Project("{FAE04EC0-301F-11D3-BF4B-00C04F79EFBC}") = "Problema1", "Problema1\Problema1.csproj", "{40631595-0C37-41DB-AF5E-9B32DC38E64D}"
EndProject
Project("{FAE04EC0-301F-11D3-BF4B-00C04F79EFBC}") = "Problema2", "Problema2\Problema2.csproj", "{4A43B076-A2FA-4957-BA01-B0BC1402BAC7}"
EndProject
Global
	GlobalSection(SolutionConfigurationPlatforms) = preSolution
		Debug|Any CPU = Debug|Any CPU
		Release|Any CPU = Release|Any CPU
	EndGlobalSection
	GlobalSection(ProjectConfigurationPlatforms) = postSolution
		{40631595-0C37-41DB-AF5E-9B32DC38E64D}.Debug|Any CPU.ActiveCfg = Debug|Any CPU
		{40631595-0C37-41DB-AF5E-9B32DC38E64D}.Debug|Any CPU.Build.0 = Debug|Any CPU
		{40631595-0C37-41DB-AF5E-9B32DC38E64D}.Release|Any CPU.ActiveCfg = Release|Any CPU
		{40631595-0C37-41DB-AF5E-9B32DC38E64D}.Release|Any CPU.Build.0 = Release|Any CPU
		{4A43B076-A2FA-4957-BA01-B0BC1402BAC7}.Debug|Any CPU.ActiveCfg = Debug|Any CPU
		{4A43B076-A2FA-4957-BA01-B0BC1402BAC7}.Debug|Any CPU.Build.0 = Debug|Any CPU
		{4A43B076-A2FA-4957-BA01-B0BC1402BAC7}.Release|Any CPU.ActiveCfg = Release|Any CPU
		{4A43B076-A2FA-4957-BA01-B0BC1402BAC7}.Release|Any CPU.Build.0 = Release|Any CPU
	EndGlobalSection
	GlobalSection(SolutionProperties) = preSolution
		HideSolutionNode = FALSE
	EndGlobalSection
	GlobalSection(ExtensibilityGlobals) = postSolution
		SolutionGuid = {CB1B1F92-8701-4C0B-958C-37E5C2BB8481}
	EndGlobalSection
EndGlobal
