
Microsoft Visual Studio Solution File, Format Version 12.00
# Visual Studio Version 17
VisualStudioVersion = 17.1.32414.318
MinimumVisualStudioVersion = 10.0.40219.1
Project("{FAE04EC0-301F-11D3-BF4B-00C04F79EFBC}") = "B22", "B22\B22.csproj", "{7E20F3A1-9EC7-4809-9120-F608DE9F9883}"
EndProject
Global
	GlobalSection(SolutionConfigurationPlatforms) = preSolution
		Debug|Any CPU = Debug|Any CPU
		Release|Any CPU = Release|Any CPU
	EndGlobalSection
	GlobalSection(ProjectConfigurationPlatforms) = postSolution
		{7E20F3A1-9EC7-4809-9120-F608DE9F9883}.Debug|Any CPU.ActiveCfg = Debug|Any CPU
		{7E20F3A1-9EC7-4809-9120-F608DE9F9883}.Debug|Any CPU.Build.0 = Debug|Any CPU
		{7E20F3A1-9EC7-4809-9120-F608DE9F9883}.Release|Any CPU.ActiveCfg = Release|Any CPU
		{7E20F3A1-9EC7-4809-9120-F608DE9F9883}.Release|Any CPU.Build.0 = Release|Any CPU
	EndGlobalSection
	GlobalSection(SolutionProperties) = preSolution
		HideSolutionNode = FALSE
	EndGlobalSection
	GlobalSection(ExtensibilityGlobals) = postSolution
		SolutionGuid = {2D41D61F-0756-4803-A318-25737DFAE140}
	EndGlobalSection
EndGlobal
