
Microsoft Visual Studio Solution File, Format Version 12.00
# Visual Studio 15
VisualStudioVersion = 15.0.28307.1082
MinimumVisualStudioVersion = 10.0.40219.1
Project("{FAE04EC0-301F-11D3-BF4B-00C04F79EFBC}") = "Problema2", "Problema2\Problema2.csproj", "{81B99A46-CD9B-446C-901C-26F7CF169171}"
EndProject
Project("{FAE04EC0-301F-11D3-BF4B-00C04F79EFBC}") = "Problema3", "Problema3\Problema3.csproj", "{4B35A9E1-95DB-4CBA-8C5A-F8C87703FD3C}"
EndProject
Project("{FAE04EC0-301F-11D3-BF4B-00C04F79EFBC}") = "Problema4", "Problema4\Problema4.csproj", "{3D0CE594-C1B7-47FD-B966-58B41B4ECF85}"
EndProject
Project("{FAE04EC0-301F-11D3-BF4B-00C04F79EFBC}") = "Problema5", "Problema5\Problema5.csproj", "{07A91A43-BE43-43CD-8C7B-4AABA5C5AD4C}"
EndProject
Project("{FAE04EC0-301F-11D3-BF4B-00C04F79EFBC}") = "Problema6", "Problema6\Problema6.csproj", "{EDEBDF24-1352-477B-BACE-F37B43CF5AC5}"
EndProject
Project("{FAE04EC0-301F-11D3-BF4B-00C04F79EFBC}") = "Problema7", "Problema7\Problema7.csproj", "{D780968B-AAF8-42D1-807A-B3ED71B18E27}"
EndProject
Project("{FAE04EC0-301F-11D3-BF4B-00C04F79EFBC}") = "Problema8", "Problema8\Problema8.csproj", "{E8E57466-988A-4A14-8F1A-39D5C074ED70}"
EndProject
Project("{FAE04EC0-301F-11D3-BF4B-00C04F79EFBC}") = "Problema9", "Problema.9\Problema9.csproj", "{15A51195-9E3B-4E84-B155-1A2D7B1129F4}"
EndProject
Project("{FAE04EC0-301F-11D3-BF4B-00C04F79EFBC}") = "Problema10", "Problema10\Problema10.csproj", "{010A2115-D82E-4A51-AC48-A9F65F7D8B71}"
EndProject
Project("{FAE04EC0-301F-11D3-BF4B-00C04F79EFBC}") = "Problema1", "Problema1\Problema1.csproj", "{3B3C2049-7EEE-4309-AD24-93BF8CC7D517}"
EndProject
Global
	GlobalSection(SolutionConfigurationPlatforms) = preSolution
		Debug|Any CPU = Debug|Any CPU
		Release|Any CPU = Release|Any CPU
	EndGlobalSection
	GlobalSection(ProjectConfigurationPlatforms) = postSolution
		{81B99A46-CD9B-446C-901C-26F7CF169171}.Debug|Any CPU.ActiveCfg = Debug|Any CPU
		{81B99A46-CD9B-446C-901C-26F7CF169171}.Debug|Any CPU.Build.0 = Debug|Any CPU
		{81B99A46-CD9B-446C-901C-26F7CF169171}.Release|Any CPU.ActiveCfg = Release|Any CPU
		{81B99A46-CD9B-446C-901C-26F7CF169171}.Release|Any CPU.Build.0 = Release|Any CPU
		{4B35A9E1-95DB-4CBA-8C5A-F8C87703FD3C}.Debug|Any CPU.ActiveCfg = Debug|Any CPU
		{4B35A9E1-95DB-4CBA-8C5A-F8C87703FD3C}.Debug|Any CPU.Build.0 = Debug|Any CPU
		{4B35A9E1-95DB-4CBA-8C5A-F8C87703FD3C}.Release|Any CPU.ActiveCfg = Release|Any CPU
		{4B35A9E1-95DB-4CBA-8C5A-F8C87703FD3C}.Release|Any CPU.Build.0 = Release|Any CPU
		{3D0CE594-C1B7-47FD-B966-58B41B4ECF85}.Debug|Any CPU.ActiveCfg = Debug|Any CPU
		{3D0CE594-C1B7-47FD-B966-58B41B4ECF85}.Debug|Any CPU.Build.0 = Debug|Any CPU
		{3D0CE594-C1B7-47FD-B966-58B41B4ECF85}.Release|Any CPU.ActiveCfg = Release|Any CPU
		{3D0CE594-C1B7-47FD-B966-58B41B4ECF85}.Release|Any CPU.Build.0 = Release|Any CPU
		{07A91A43-BE43-43CD-8C7B-4AABA5C5AD4C}.Debug|Any CPU.ActiveCfg = Debug|Any CPU
		{07A91A43-BE43-43CD-8C7B-4AABA5C5AD4C}.Debug|Any CPU.Build.0 = Debug|Any CPU
		{07A91A43-BE43-43CD-8C7B-4AABA5C5AD4C}.Release|Any CPU.ActiveCfg = Release|Any CPU
		{07A91A43-BE43-43CD-8C7B-4AABA5C5AD4C}.Release|Any CPU.Build.0 = Release|Any CPU
		{EDEBDF24-1352-477B-BACE-F37B43CF5AC5}.Debug|Any CPU.ActiveCfg = Debug|Any CPU
		{EDEBDF24-1352-477B-BACE-F37B43CF5AC5}.Debug|Any CPU.Build.0 = Debug|Any CPU
		{EDEBDF24-1352-477B-BACE-F37B43CF5AC5}.Release|Any CPU.ActiveCfg = Release|Any CPU
		{EDEBDF24-1352-477B-BACE-F37B43CF5AC5}.Release|Any CPU.Build.0 = Release|Any CPU
		{D780968B-AAF8-42D1-807A-B3ED71B18E27}.Debug|Any CPU.ActiveCfg = Debug|Any CPU
		{D780968B-AAF8-42D1-807A-B3ED71B18E27}.Debug|Any CPU.Build.0 = Debug|Any CPU
		{D780968B-AAF8-42D1-807A-B3ED71B18E27}.Release|Any CPU.ActiveCfg = Release|Any CPU
		{D780968B-AAF8-42D1-807A-B3ED71B18E27}.Release|Any CPU.Build.0 = Release|Any CPU
		{E8E57466-988A-4A14-8F1A-39D5C074ED70}.Debug|Any CPU.ActiveCfg = Debug|Any CPU
		{E8E57466-988A-4A14-8F1A-39D5C074ED70}.Debug|Any CPU.Build.0 = Debug|Any CPU
		{E8E57466-988A-4A14-8F1A-39D5C074ED70}.Release|Any CPU.ActiveCfg = Release|Any CPU
		{E8E57466-988A-4A14-8F1A-39D5C074ED70}.Release|Any CPU.Build.0 = Release|Any CPU
		{15A51195-9E3B-4E84-B155-1A2D7B1129F4}.Debug|Any CPU.ActiveCfg = Debug|Any CPU
		{15A51195-9E3B-4E84-B155-1A2D7B1129F4}.Debug|Any CPU.Build.0 = Debug|Any CPU
		{15A51195-9E3B-4E84-B155-1A2D7B1129F4}.Release|Any CPU.ActiveCfg = Release|Any CPU
		{15A51195-9E3B-4E84-B155-1A2D7B1129F4}.Release|Any CPU.Build.0 = Release|Any CPU
		{010A2115-D82E-4A51-AC48-A9F65F7D8B71}.Debug|Any CPU.ActiveCfg = Debug|Any CPU
		{010A2115-D82E-4A51-AC48-A9F65F7D8B71}.Debug|Any CPU.Build.0 = Debug|Any CPU
		{010A2115-D82E-4A51-AC48-A9F65F7D8B71}.Release|Any CPU.ActiveCfg = Release|Any CPU
		{010A2115-D82E-4A51-AC48-A9F65F7D8B71}.Release|Any CPU.Build.0 = Release|Any CPU
		{3B3C2049-7EEE-4309-AD24-93BF8CC7D517}.Debug|Any CPU.ActiveCfg = Debug|Any CPU
		{3B3C2049-7EEE-4309-AD24-93BF8CC7D517}.Debug|Any CPU.Build.0 = Debug|Any CPU
		{3B3C2049-7EEE-4309-AD24-93BF8CC7D517}.Release|Any CPU.ActiveCfg = Release|Any CPU
		{3B3C2049-7EEE-4309-AD24-93BF8CC7D517}.Release|Any CPU.Build.0 = Release|Any CPU
	EndGlobalSection
	GlobalSection(SolutionProperties) = preSolution
		HideSolutionNode = FALSE
	EndGlobalSection
	GlobalSection(ExtensibilityGlobals) = postSolution
		SolutionGuid = {CC9751EC-2FBE-4BA2-926B-CEC6C6225A7F}
	EndGlobalSection
EndGlobal
