
Microsoft Visual Studio Solution File, Format Version 12.00
# Visual Studio Version 16
VisualStudioVersion = 16.0.30204.135
MinimumVisualStudioVersion = 10.0.40219.1
Project("{FAE04EC0-301F-11D3-BF4B-00C04F79EFBC}") = "Problema 1", "Problema 1\Problema 1.csproj", "{37E017B8-00D6-436E-A676-2D5AE152F459}"
EndProject
Global
	GlobalSection(SolutionConfigurationPlatforms) = preSolution
		Debug|Any CPU = Debug|Any CPU
		Release|Any CPU = Release|Any CPU
	EndGlobalSection
	GlobalSection(ProjectConfigurationPlatforms) = postSolution
		{37E017B8-00D6-436E-A676-2D5AE152F459}.Debug|Any CPU.ActiveCfg = Debug|Any CPU
		{37E017B8-00D6-436E-A676-2D5AE152F459}.Debug|Any CPU.Build.0 = Debug|Any CPU
		{37E017B8-00D6-436E-A676-2D5AE152F459}.Release|Any CPU.ActiveCfg = Release|Any CPU
		{37E017B8-00D6-436E-A676-2D5AE152F459}.Release|Any CPU.Build.0 = Release|Any CPU
	EndGlobalSection
	GlobalSection(SolutionProperties) = preSolution
		HideSolutionNode = FALSE
	EndGlobalSection
	GlobalSection(ExtensibilityGlobals) = postSolution
		SolutionGuid = {3B084246-0072-44A7-A5AA-0BB55CE68F37}
	EndGlobalSection
EndGlobal
