
Microsoft Visual Studio Solution File, Format Version 12.00
# Visual Studio Version 17
VisualStudioVersion = 17.6.33829.357
MinimumVisualStudioVersion = 10.0.40219.1
Project("{9A19103F-16F7-4668-BE54-9A1E7A4F7556}") = "StudentApp", "StudentApp\StudentApp.csproj", "{4EF0201F-0CDD-4D37-BC4C-41BD3DF7559E}"
EndProject
Project("{FAE04EC0-301F-11D3-BF4B-00C04F79EFBC}") = "Employee", "Employee\Employee.csproj", "{007E3667-51A0-4C30-818B-7E9253CD0632}"
EndProject
Global
	GlobalSection(SolutionConfigurationPlatforms) = preSolution
		Debug|Any CPU = Debug|Any CPU
		Release|Any CPU = Release|Any CPU
	EndGlobalSection
	GlobalSection(ProjectConfigurationPlatforms) = postSolution
		{4EF0201F-0CDD-4D37-BC4C-41BD3DF7559E}.Debug|Any CPU.ActiveCfg = Debug|Any CPU
		{4EF0201F-0CDD-4D37-BC4C-41BD3DF7559E}.Debug|Any CPU.Build.0 = Debug|Any CPU
		{4EF0201F-0CDD-4D37-BC4C-41BD3DF7559E}.Release|Any CPU.ActiveCfg = Release|Any CPU
		{4EF0201F-0CDD-4D37-BC4C-41BD3DF7559E}.Release|Any CPU.Build.0 = Release|Any CPU
		{007E3667-51A0-4C30-818B-7E9253CD0632}.Debug|Any CPU.ActiveCfg = Debug|Any CPU
		{007E3667-51A0-4C30-818B-7E9253CD0632}.Debug|Any CPU.Build.0 = Debug|Any CPU
		{007E3667-51A0-4C30-818B-7E9253CD0632}.Release|Any CPU.ActiveCfg = Release|Any CPU
		{007E3667-51A0-4C30-818B-7E9253CD0632}.Release|Any CPU.Build.0 = Release|Any CPU
	EndGlobalSection
	GlobalSection(SolutionProperties) = preSolution
		HideSolutionNode = FALSE
	EndGlobalSection
	GlobalSection(ExtensibilityGlobals) = postSolution
		SolutionGuid = {9121DD30-ED37-4DA1-9268-C9A9CF8AADDE}
	EndGlobalSection
EndGlobal
