
Microsoft Visual Studio Solution File, Format Version 12.00
# Visual Studio Version 16
VisualStudioVersion = 16.0.30204.135
MinimumVisualStudioVersion = 10.0.40219.1
Project("{FAE04EC0-301F-11D3-BF4B-00C04F79EFBC}") = "Problema 1", "Problema 1\Problema 1.csproj", "{70553D58-3359-4B0A-9DB9-52F77BA8DB5F}"
EndProject
Project("{FAE04EC0-301F-11D3-BF4B-00C04F79EFBC}") = "Problema 2", "Problema 2\Problema 2.csproj", "{6074CDD2-98E5-4848-9547-CF607DDB9379}"
EndProject
Global
	GlobalSection(SolutionConfigurationPlatforms) = preSolution
		Debug|Any CPU = Debug|Any CPU
		Release|Any CPU = Release|Any CPU
	EndGlobalSection
	GlobalSection(ProjectConfigurationPlatforms) = postSolution
		{70553D58-3359-4B0A-9DB9-52F77BA8DB5F}.Debug|Any CPU.ActiveCfg = Debug|Any CPU
		{70553D58-3359-4B0A-9DB9-52F77BA8DB5F}.Debug|Any CPU.Build.0 = Debug|Any CPU
		{70553D58-3359-4B0A-9DB9-52F77BA8DB5F}.Release|Any CPU.ActiveCfg = Release|Any CPU
		{70553D58-3359-4B0A-9DB9-52F77BA8DB5F}.Release|Any CPU.Build.0 = Release|Any CPU
		{6074CDD2-98E5-4848-9547-CF607DDB9379}.Debug|Any CPU.ActiveCfg = Debug|Any CPU
		{6074CDD2-98E5-4848-9547-CF607DDB9379}.Debug|Any CPU.Build.0 = Debug|Any CPU
		{6074CDD2-98E5-4848-9547-CF607DDB9379}.Release|Any CPU.ActiveCfg = Release|Any CPU
		{6074CDD2-98E5-4848-9547-CF607DDB9379}.Release|Any CPU.Build.0 = Release|Any CPU
	EndGlobalSection
	GlobalSection(SolutionProperties) = preSolution
		HideSolutionNode = FALSE
	EndGlobalSection
	GlobalSection(ExtensibilityGlobals) = postSolution
		SolutionGuid = {3C50168D-AB24-4B65-8D8F-4AFBFFC07999}
	EndGlobalSection
EndGlobal
