
Microsoft Visual Studio Solution File, Format Version 12.00
# Visual Studio Version 16
VisualStudioVersion = 16.0.30204.135
MinimumVisualStudioVersion = 10.0.40219.1
Project("{FAE04EC0-301F-11D3-BF4B-00C04F79EFBC}") = "ff", "ff\ff.csproj", "{A36948A0-706C-4F19-B458-67979A48C4F3}"
EndProject
Project("{FAE04EC0-301F-11D3-BF4B-00C04F79EFBC}") = "vvv", "vvv\vvv.csproj", "{3941836A-6772-4082-A8A9-CB3BE759A707}"
EndProject
Global
	GlobalSection(SolutionConfigurationPlatforms) = preSolution
		Debug|Any CPU = Debug|Any CPU
		Release|Any CPU = Release|Any CPU
	EndGlobalSection
	GlobalSection(ProjectConfigurationPlatforms) = postSolution
		{A36948A0-706C-4F19-B458-67979A48C4F3}.Debug|Any CPU.ActiveCfg = Debug|Any CPU
		{A36948A0-706C-4F19-B458-67979A48C4F3}.Debug|Any CPU.Build.0 = Debug|Any CPU
		{A36948A0-706C-4F19-B458-67979A48C4F3}.Release|Any CPU.ActiveCfg = Release|Any CPU
		{A36948A0-706C-4F19-B458-67979A48C4F3}.Release|Any CPU.Build.0 = Release|Any CPU
		{3941836A-6772-4082-A8A9-CB3BE759A707}.Debug|Any CPU.ActiveCfg = Debug|Any CPU
		{3941836A-6772-4082-A8A9-CB3BE759A707}.Debug|Any CPU.Build.0 = Debug|Any CPU
		{3941836A-6772-4082-A8A9-CB3BE759A707}.Release|Any CPU.ActiveCfg = Release|Any CPU
		{3941836A-6772-4082-A8A9-CB3BE759A707}.Release|Any CPU.Build.0 = Release|Any CPU
	EndGlobalSection
	GlobalSection(SolutionProperties) = preSolution
		HideSolutionNode = FALSE
	EndGlobalSection
	GlobalSection(ExtensibilityGlobals) = postSolution
		SolutionGuid = {42DA4FB0-D706-4B62-B84B-D29BD37FE0E2}
	EndGlobalSection
EndGlobal
