
Microsoft Visual Studio Solution File, Format Version 12.00
# Visual Studio Version 16
VisualStudioVersion = 16.0.30204.135
MinimumVisualStudioVersion = 10.0.40219.1
Project("{FAE04EC0-301F-11D3-BF4B-00C04F79EFBC}") = "Problema 1", "Problema 1\Problema 1.csproj", "{A2D8AC4B-B539-48D3-89DA-2C117D1C22B3}"
EndProject
Global
	GlobalSection(SolutionConfigurationPlatforms) = preSolution
		Debug|Any CPU = Debug|Any CPU
		Release|Any CPU = Release|Any CPU
	EndGlobalSection
	GlobalSection(ProjectConfigurationPlatforms) = postSolution
		{A2D8AC4B-B539-48D3-89DA-2C117D1C22B3}.Debug|Any CPU.ActiveCfg = Debug|Any CPU
		{A2D8AC4B-B539-48D3-89DA-2C117D1C22B3}.Debug|Any CPU.Build.0 = Debug|Any CPU
		{A2D8AC4B-B539-48D3-89DA-2C117D1C22B3}.Release|Any CPU.ActiveCfg = Release|Any CPU
		{A2D8AC4B-B539-48D3-89DA-2C117D1C22B3}.Release|Any CPU.Build.0 = Release|Any CPU
	EndGlobalSection
	GlobalSection(SolutionProperties) = preSolution
		HideSolutionNode = FALSE
	EndGlobalSection
	GlobalSection(ExtensibilityGlobals) = postSolution
		SolutionGuid = {8D30243E-FD9E-42E5-A160-E2FB674C60F3}
	EndGlobalSection
EndGlobal
